// !$*UTF8*$!
{
	archiveVersion = 1;
	classes = {
	};
	objectVersion = 56;
	objects = {

/* Begin PBXBuildFile section */
		D577B38F2BFF9A2800F064F2 /* EchoApp.swift in Sources */ = {isa = PBXBuildFile; fileRef = D577B38E2BFF9A2800F064F2 /* EchoApp.swift */; };
		D577B3912BFF9A2800F064F2 /* ContentView.swift in Sources */ = {isa = PBXBuildFile; fileRef = D577B3902BFF9A2800F064F2 /* ContentView.swift */; };
		D577B3932BFF9A2B00F064F2 /* Assets.xcassets in Resources */ = {isa = PBXBuildFile; fileRef = D577B3922BFF9A2B00F064F2 /* Assets.xcassets */; };
		D577B3972BFF9A2B00F064F2 /* Preview Assets.xcassets in Resources */ = {isa = PBXBuildFile; fileRef = D577B3962BFF9A2B00F064F2 /* Preview Assets.xcassets */; };
		D577B3A22C0099B500F064F2 /* Onboarding.swift in Sources */ = {isa = PBXBuildFile; fileRef = D577B3A12C0099B500F064F2 /* Onboarding.swift */; };
		D577B3A42C009AAA00F064F2 /* ButtonStyles.swift in Sources */ = {isa = PBXBuildFile; fileRef = D577B3A32C009AAA00F064F2 /* ButtonStyles.swift */; };
		D577B3A92C00A05100F064F2 /* View.swift in Sources */ = {isa = PBXBuildFile; fileRef = D577B3A82C00A05100F064F2 /* View.swift */; };
		D577B3AB2C00A23A00F064F2 /* Intro.swift in Sources */ = {isa = PBXBuildFile; fileRef = D577B3AA2C00A23A00F064F2 /* Intro.swift */; };
		D577B3AD2C00A98800F064F2 /* BottomText.swift in Sources */ = {isa = PBXBuildFile; fileRef = D577B3AC2C00A98800F064F2 /* BottomText.swift */; };
		D577B3AF2C00AF4400F064F2 /* EchoDemo.gif in Resources */ = {isa = PBXBuildFile; fileRef = D577B3AE2C00AF4400F064F2 /* EchoDemo.gif */; };
		D577B3B12C00C2AF00F064F2 /* SecondStep.swift in Sources */ = {isa = PBXBuildFile; fileRef = D577B3B02C00C2AF00F064F2 /* SecondStep.swift */; };
		D577B3B32C00C32300F064F2 /* VocabularyOnboarding.swift in Sources */ = {isa = PBXBuildFile; fileRef = D577B3B22C00C32300F064F2 /* VocabularyOnboarding.swift */; };
		D581A72E2C3D556B00E5C626 /* KeyPressController.swift in Sources */ = {isa = PBXBuildFile; fileRef = D581A72D2C3D556B00E5C626 /* KeyPressController.swift */; };
		D581A7302C3ED08700E5C626 /* CustomGameController.swift in Sources */ = {isa = PBXBuildFile; fileRef = D581A72F2C3ED08700E5C626 /* CustomGameController.swift */; };
		D581A7322C3ED0AA00E5C626 /* ControllerManager.swift in Sources */ = {isa = PBXBuildFile; fileRef = D581A7312C3ED0AA00E5C626 /* ControllerManager.swift */; };
		D581A7352C3ED0D000E5C626 /* ControllerButton.swift in Sources */ = {isa = PBXBuildFile; fileRef = D581A7342C3ED0D000E5C626 /* ControllerButton.swift */; };
		D581A7372C3ED0E300E5C626 /* ButtonDefaults.swift in Sources */ = {isa = PBXBuildFile; fileRef = D581A7362C3ED0E300E5C626 /* ButtonDefaults.swift */; };
		D581A73D2C3ED20A00E5C626 /* Switch.swift in Sources */ = {isa = PBXBuildFile; fileRef = D581A7382C3ED20900E5C626 /* Switch.swift */; };
		D581A73E2C3ED20A00E5C626 /* Settings.swift in Sources */ = {isa = PBXBuildFile; fileRef = D581A7392C3ED20A00E5C626 /* Settings.swift */; };
		D581A73F2C3ED20A00E5C626 /* Voice.swift in Sources */ = {isa = PBXBuildFile; fileRef = D581A73A2C3ED20A00E5C626 /* Voice.swift */; };
		D581A7402C3ED20A00E5C626 /* Vocabulary.swift in Sources */ = {isa = PBXBuildFile; fileRef = D581A73B2C3ED20A00E5C626 /* Vocabulary.swift */; };
		D581A7412C3ED20A00E5C626 /* Node.swift in Sources */ = {isa = PBXBuildFile; fileRef = D581A73C2C3ED20A00E5C626 /* Node.swift */; };
		D581A7432C3EE29D00E5C626 /* Localizable.xcstrings in Resources */ = {isa = PBXBuildFile; fileRef = D581A7422C3EE29D00E5C626 /* Localizable.xcstrings */; };
		D581A7452C3FED8200E5C626 /* EditState.swift in Sources */ = {isa = PBXBuildFile; fileRef = D581A7442C3FED8200E5C626 /* EditState.swift */; };
		D581A7472C3FF39600E5C626 /* EditPage.swift in Sources */ = {isa = PBXBuildFile; fileRef = D581A7462C3FF39600E5C626 /* EditPage.swift */; };
		D581A74A2C401E7700E5C626 /* EditNodeSheet.swift in Sources */ = {isa = PBXBuildFile; fileRef = D581A7492C401E7700E5C626 /* EditNodeSheet.swift */; };
		D581A74C2C401EA000E5C626 /* EditingNode.swift in Sources */ = {isa = PBXBuildFile; fileRef = D581A74B2C401EA000E5C626 /* EditingNode.swift */; };
		D581A74E2C401EBF00E5C626 /* SheetButton.swift in Sources */ = {isa = PBXBuildFile; fileRef = D581A74D2C401EBF00E5C626 /* SheetButton.swift */; };
		D581A7512C4023D800E5C626 /* SQLiteSwift in Frameworks */ = {isa = PBXBuildFile; productRef = D581A7502C4023D800E5C626 /* SQLiteSwift */; };
		D581A7542C4023F800E5C626 /* SwiftUIIntrospect in Frameworks */ = {isa = PBXBuildFile; productRef = D581A7532C4023F800E5C626 /* SwiftUIIntrospect */; };
		D581E9082C382C5200F9EDE8 /* Array.swift in Sources */ = {isa = PBXBuildFile; fileRef = D581E9072C382C5200F9EDE8 /* Array.swift */; };
		D581E90A2C38302700F9EDE8 /* Spelling.swift in Sources */ = {isa = PBXBuildFile; fileRef = D581E9092C38302700F9EDE8 /* Spelling.swift */; };
		D581E90F2C38444200F9EDE8 /* dictionary.sqlite in Resources */ = {isa = PBXBuildFile; fileRef = D581E90E2C38444200F9EDE8 /* dictionary.sqlite */; };
		D581E9112C384B8B00F9EDE8 /* OnScreenArrows.swift in Sources */ = {isa = PBXBuildFile; fileRef = D581E9102C384B8B00F9EDE8 /* OnScreenArrows.swift */; };
		D581E9132C384BD800F9EDE8 /* Comparable.swift in Sources */ = {isa = PBXBuildFile; fileRef = D581E9122C384BD800F9EDE8 /* Comparable.swift */; };
		D581E9172C3BFC2800F9EDE8 /* MessageBar.swift in Sources */ = {isa = PBXBuildFile; fileRef = D581E9162C3BFC2800F9EDE8 /* MessageBar.swift */; };
		D581E9192C3BFC4200F9EDE8 /* NodeTreeView.swift in Sources */ = {isa = PBXBuildFile; fileRef = D581E9182C3BFC4200F9EDE8 /* NodeTreeView.swift */; };
		D5A775992C0627D8004DA914 /* String.swift in Sources */ = {isa = PBXBuildFile; fileRef = D5A775982C0627D8004DA914 /* String.swift */; };
		D5A7759D2C075F4E004DA914 /* CueVoice.swift in Sources */ = {isa = PBXBuildFile; fileRef = D5A7759C2C075F4E004DA914 /* CueVoice.swift */; };
		D5A7759F2C075FBF004DA914 /* VoiceOptionsDisplay.swift in Sources */ = {isa = PBXBuildFile; fileRef = D5A7759E2C075FBF004DA914 /* VoiceOptionsDisplay.swift */; };
		D5A775A12C075FFE004DA914 /* VoicePicker.swift in Sources */ = {isa = PBXBuildFile; fileRef = D5A775A02C075FFE004DA914 /* VoicePicker.swift */; };
		D5A775A42C076122004DA914 /* AvailableVoices.swift in Sources */ = {isa = PBXBuildFile; fileRef = D5A775A32C076122004DA914 /* AvailableVoices.swift */; };
		D5A775A62C076151004DA914 /* Helpers.swift in Sources */ = {isa = PBXBuildFile; fileRef = D5A775A52C076151004DA914 /* Helpers.swift */; };
		D5A775AA2C0780C4004DA914 /* VoiceController.swift in Sources */ = {isa = PBXBuildFile; fileRef = D5A775A92C0780C4004DA914 /* VoiceController.swift */; };
		D5A775AC2C078127004DA914 /* AudioEngine.swift in Sources */ = {isa = PBXBuildFile; fileRef = D5A775AB2C078127004DA914 /* AudioEngine.swift */; };
		D5A775AE2C0784D0004DA914 /* AudioDirection.swift in Sources */ = {isa = PBXBuildFile; fileRef = D5A775AD2C0784D0004DA914 /* AudioDirection.swift */; };
		D5A775B12C08B445004DA914 /* SpeakingVoiceOnboarding.swift in Sources */ = {isa = PBXBuildFile; fileRef = D5A775B02C08B445004DA914 /* SpeakingVoiceOnboarding.swift */; };
		D5A775B32C08C10F004DA914 /* ScanningOnboarding.swift in Sources */ = {isa = PBXBuildFile; fileRef = D5A775B22C08C10F004DA914 /* ScanningOnboarding.swift */; };
		D5A775B52C08C5C2004DA914 /* PredictionOnboarding.swift in Sources */ = {isa = PBXBuildFile; fileRef = D5A775B42C08C5C2004DA914 /* PredictionOnboarding.swift */; };
		D5A775B72C08C661004DA914 /* CharacterOrder.swift in Sources */ = {isa = PBXBuildFile; fileRef = D5A775B62C08C661004DA914 /* CharacterOrder.swift */; };
		D5A775B92C08C692004DA914 /* ControlCommandDisplayOptions.swift in Sources */ = {isa = PBXBuildFile; fileRef = D5A775B82C08C692004DA914 /* ControlCommandDisplayOptions.swift */; };
		D5A775BB2C08CC07004DA914 /* PredictionLanguage.swift in Sources */ = {isa = PBXBuildFile; fileRef = D5A775BA2C08CC07004DA914 /* PredictionLanguage.swift */; };
		D5A775BD2C09E5F4004DA914 /* OnScreenArrowsOnboarding.swift in Sources */ = {isa = PBXBuildFile; fileRef = D5A775BC2C09E5F4004DA914 /* OnScreenArrowsOnboarding.swift */; };
		D5A775BF2C09E6F2004DA914 /* Swipe.swift in Sources */ = {isa = PBXBuildFile; fileRef = D5A775BE2C09E6F2004DA914 /* Swipe.swift */; };
		D5A775C12C09FF16004DA914 /* SwitchOnboarding.swift in Sources */ = {isa = PBXBuildFile; fileRef = D5A775C02C09FF16004DA914 /* SwitchOnboarding.swift */; };
		D5A775C52C0E0700004DA914 /* SwitchAction.swift in Sources */ = {isa = PBXBuildFile; fileRef = D5A775C42C0E0700004DA914 /* SwitchAction.swift */; };
		D5A775C72C0E0782004DA914 /* UIKeyboardHIDUsage.swift in Sources */ = {isa = PBXBuildFile; fileRef = D5A775C62C0E0782004DA914 /* UIKeyboardHIDUsage.swift */; };
		D5A775C92C0F5F6E004DA914 /* AddSwitch.swift in Sources */ = {isa = PBXBuildFile; fileRef = D5A775C82C0F5F6E004DA914 /* AddSwitch.swift */; };
		D5A775CB2C0F5FA9004DA914 /* ActionPicker.swift in Sources */ = {isa = PBXBuildFile; fileRef = D5A775CA2C0F5FA9004DA914 /* ActionPicker.swift */; };
		D5A775CD2C0F66AC004DA914 /* KeyboardDetector.swift in Sources */ = {isa = PBXBuildFile; fileRef = D5A775CC2C0F66AC004DA914 /* KeyboardDetector.swift */; };
		D5A775CF2C131F63004DA914 /* ErrorHandling.swift in Sources */ = {isa = PBXBuildFile; fileRef = D5A775CE2C131F63004DA914 /* ErrorHandling.swift */; };
		D5A775D12C1324AB004DA914 /* MainCommunicationPage.swift in Sources */ = {isa = PBXBuildFile; fileRef = D5A775D02C1324AB004DA914 /* MainCommunicationPage.swift */; };
		D5A775D32C136264004DA914 /* SettingsPage.swift in Sources */ = {isa = PBXBuildFile; fileRef = D5A775D22C136264004DA914 /* SettingsPage.swift */; };
		D5A775D52C29A527004DA914 /* Rating.swift in Sources */ = {isa = PBXBuildFile; fileRef = D5A775D42C29A527004DA914 /* Rating.swift */; };
		D5A775D72C2B18C3004DA914 /* VoiceSelectionArea.swift in Sources */ = {isa = PBXBuildFile; fileRef = D5A775D62C2B18C3004DA914 /* VoiceSelectionArea.swift */; };
		D5A775DA2C2B2030004DA914 /* ExternalLinksSection.swift in Sources */ = {isa = PBXBuildFile; fileRef = D5A775D92C2B2030004DA914 /* ExternalLinksSection.swift */; };
		D5A775DC2C2C0BE5004DA914 /* AccessOptionsArea.swift in Sources */ = {isa = PBXBuildFile; fileRef = D5A775DB2C2C0BE5004DA914 /* AccessOptionsArea.swift */; };
		D5A775DE2C2C0FBD004DA914 /* SwitchControlSection.swift in Sources */ = {isa = PBXBuildFile; fileRef = D5A775DD2C2C0FBD004DA914 /* SwitchControlSection.swift */; };
		D5A775E22C2C1D1D004DA914 /* GameControllerSection.swift in Sources */ = {isa = PBXBuildFile; fileRef = D5A775E12C2C1D1D004DA914 /* GameControllerSection.swift */; };
		D5A775E92C2DA5C1004DA914 /* ScanningOptionsArea.swift in Sources */ = {isa = PBXBuildFile; fileRef = D5A775E82C2DA5C1004DA914 /* ScanningOptionsArea.swift */; };
		D5A775EB2C2DAAF4004DA914 /* SpellingOptionsArea.swift in Sources */ = {isa = PBXBuildFile; fileRef = D5A775EA2C2DAAF4004DA914 /* SpellingOptionsArea.swift */; };
		D5A775ED2C2DB026004DA914 /* AudioOptionsArea.swift in Sources */ = {isa = PBXBuildFile; fileRef = D5A775EC2C2DB026004DA914 /* AudioOptionsArea.swift */; };
		D5A775EF2C2DBB7F004DA914 /* VocabularyOptionsArea.swift in Sources */ = {isa = PBXBuildFile; fileRef = D5A775EE2C2DBB7F004DA914 /* VocabularyOptionsArea.swift */; };
		D5A775F12C32E9C2004DA914 /* ScrollLock.swift in Sources */ = {isa = PBXBuildFile; fileRef = D5A775F02C32E9C2004DA914 /* ScrollLock.swift */; };
		D5A775F62C35A269004DA914 /* MainCommunicationPageState.swift in Sources */ = {isa = PBXBuildFile; fileRef = D5A775F52C35A269004DA914 /* MainCommunicationPageState.swift */; };
/* End PBXBuildFile section */

/* Begin PBXFileReference section */
		D577B38B2BFF9A2800F064F2 /* Echo.app */ = {isa = PBXFileReference; explicitFileType = wrapper.application; includeInIndex = 0; path = Echo.app; sourceTree = BUILT_PRODUCTS_DIR; };
		D577B38E2BFF9A2800F064F2 /* EchoApp.swift */ = {isa = PBXFileReference; lastKnownFileType = sourcecode.swift; path = EchoApp.swift; sourceTree = "<group>"; };
		D577B3902BFF9A2800F064F2 /* ContentView.swift */ = {isa = PBXFileReference; lastKnownFileType = sourcecode.swift; path = ContentView.swift; sourceTree = "<group>"; };
		D577B3922BFF9A2B00F064F2 /* Assets.xcassets */ = {isa = PBXFileReference; lastKnownFileType = folder.assetcatalog; path = Assets.xcassets; sourceTree = "<group>"; };
		D577B3942BFF9A2B00F064F2 /* Echo.entitlements */ = {isa = PBXFileReference; lastKnownFileType = text.plist.entitlements; path = Echo.entitlements; sourceTree = "<group>"; };
		D577B3962BFF9A2B00F064F2 /* Preview Assets.xcassets */ = {isa = PBXFileReference; lastKnownFileType = folder.assetcatalog; path = "Preview Assets.xcassets"; sourceTree = "<group>"; };
		D577B3A12C0099B500F064F2 /* Onboarding.swift */ = {isa = PBXFileReference; lastKnownFileType = sourcecode.swift; path = Onboarding.swift; sourceTree = "<group>"; };
		D577B3A32C009AAA00F064F2 /* ButtonStyles.swift */ = {isa = PBXFileReference; lastKnownFileType = sourcecode.swift; path = ButtonStyles.swift; sourceTree = "<group>"; };
		D577B3A82C00A05100F064F2 /* View.swift */ = {isa = PBXFileReference; lastKnownFileType = sourcecode.swift; path = View.swift; sourceTree = "<group>"; };
		D577B3AA2C00A23A00F064F2 /* Intro.swift */ = {isa = PBXFileReference; lastKnownFileType = sourcecode.swift; path = Intro.swift; sourceTree = "<group>"; };
		D577B3AC2C00A98800F064F2 /* BottomText.swift */ = {isa = PBXFileReference; lastKnownFileType = sourcecode.swift; path = BottomText.swift; sourceTree = "<group>"; };
		D577B3AE2C00AF4400F064F2 /* EchoDemo.gif */ = {isa = PBXFileReference; lastKnownFileType = image.gif; path = EchoDemo.gif; sourceTree = "<group>"; };
		D577B3B02C00C2AF00F064F2 /* SecondStep.swift */ = {isa = PBXFileReference; lastKnownFileType = sourcecode.swift; path = SecondStep.swift; sourceTree = "<group>"; };
		D577B3B22C00C32300F064F2 /* VocabularyOnboarding.swift */ = {isa = PBXFileReference; lastKnownFileType = sourcecode.swift; path = VocabularyOnboarding.swift; sourceTree = "<group>"; };
		D581A72D2C3D556B00E5C626 /* KeyPressController.swift */ = {isa = PBXFileReference; lastKnownFileType = sourcecode.swift; path = KeyPressController.swift; sourceTree = "<group>"; };
		D581A72F2C3ED08700E5C626 /* CustomGameController.swift */ = {isa = PBXFileReference; lastKnownFileType = sourcecode.swift; path = CustomGameController.swift; sourceTree = "<group>"; };
		D581A7312C3ED0AA00E5C626 /* ControllerManager.swift */ = {isa = PBXFileReference; lastKnownFileType = sourcecode.swift; path = ControllerManager.swift; sourceTree = "<group>"; };
		D581A7342C3ED0D000E5C626 /* ControllerButton.swift */ = {isa = PBXFileReference; lastKnownFileType = sourcecode.swift; path = ControllerButton.swift; sourceTree = "<group>"; };
		D581A7362C3ED0E300E5C626 /* ButtonDefaults.swift */ = {isa = PBXFileReference; lastKnownFileType = sourcecode.swift; path = ButtonDefaults.swift; sourceTree = "<group>"; };
		D581A7382C3ED20900E5C626 /* Switch.swift */ = {isa = PBXFileReference; fileEncoding = 4; lastKnownFileType = sourcecode.swift; path = Switch.swift; sourceTree = "<group>"; };
		D581A7392C3ED20A00E5C626 /* Settings.swift */ = {isa = PBXFileReference; fileEncoding = 4; lastKnownFileType = sourcecode.swift; path = Settings.swift; sourceTree = "<group>"; };
		D581A73A2C3ED20A00E5C626 /* Voice.swift */ = {isa = PBXFileReference; fileEncoding = 4; lastKnownFileType = sourcecode.swift; path = Voice.swift; sourceTree = "<group>"; };
		D581A73B2C3ED20A00E5C626 /* Vocabulary.swift */ = {isa = PBXFileReference; fileEncoding = 4; lastKnownFileType = sourcecode.swift; path = Vocabulary.swift; sourceTree = "<group>"; };
		D581A73C2C3ED20A00E5C626 /* Node.swift */ = {isa = PBXFileReference; fileEncoding = 4; lastKnownFileType = sourcecode.swift; path = Node.swift; sourceTree = "<group>"; };
		D581A7422C3EE29D00E5C626 /* Localizable.xcstrings */ = {isa = PBXFileReference; lastKnownFileType = text.json.xcstrings; path = Localizable.xcstrings; sourceTree = "<group>"; };
		D581A7442C3FED8200E5C626 /* EditState.swift */ = {isa = PBXFileReference; lastKnownFileType = sourcecode.swift; path = EditState.swift; sourceTree = "<group>"; };
		D581A7462C3FF39600E5C626 /* EditPage.swift */ = {isa = PBXFileReference; lastKnownFileType = sourcecode.swift; path = EditPage.swift; sourceTree = "<group>"; };
		D581A7492C401E7700E5C626 /* EditNodeSheet.swift */ = {isa = PBXFileReference; lastKnownFileType = sourcecode.swift; path = EditNodeSheet.swift; sourceTree = "<group>"; };
		D581A74B2C401EA000E5C626 /* EditingNode.swift */ = {isa = PBXFileReference; lastKnownFileType = sourcecode.swift; path = EditingNode.swift; sourceTree = "<group>"; };
		D581A74D2C401EBF00E5C626 /* SheetButton.swift */ = {isa = PBXFileReference; lastKnownFileType = sourcecode.swift; path = SheetButton.swift; sourceTree = "<group>"; };
		D581A7552C40255000E5C626 /* Info.plist */ = {isa = PBXFileReference; lastKnownFileType = text.plist; path = Info.plist; sourceTree = "<group>"; };
		D581E9072C382C5200F9EDE8 /* Array.swift */ = {isa = PBXFileReference; lastKnownFileType = sourcecode.swift; path = Array.swift; sourceTree = "<group>"; };
		D581E9092C38302700F9EDE8 /* Spelling.swift */ = {isa = PBXFileReference; lastKnownFileType = sourcecode.swift; path = Spelling.swift; sourceTree = "<group>"; };
		D581E90E2C38444200F9EDE8 /* dictionary.sqlite */ = {isa = PBXFileReference; lastKnownFileType = file; path = dictionary.sqlite; sourceTree = "<group>"; };
		D581E9102C384B8B00F9EDE8 /* OnScreenArrows.swift */ = {isa = PBXFileReference; lastKnownFileType = sourcecode.swift; path = OnScreenArrows.swift; sourceTree = "<group>"; };
		D581E9122C384BD800F9EDE8 /* Comparable.swift */ = {isa = PBXFileReference; lastKnownFileType = sourcecode.swift; path = Comparable.swift; sourceTree = "<group>"; };
		D581E9162C3BFC2800F9EDE8 /* MessageBar.swift */ = {isa = PBXFileReference; lastKnownFileType = sourcecode.swift; path = MessageBar.swift; sourceTree = "<group>"; };
		D581E9182C3BFC4200F9EDE8 /* NodeTreeView.swift */ = {isa = PBXFileReference; lastKnownFileType = sourcecode.swift; path = NodeTreeView.swift; sourceTree = "<group>"; };
		D5A775982C0627D8004DA914 /* String.swift */ = {isa = PBXFileReference; lastKnownFileType = sourcecode.swift; path = String.swift; sourceTree = "<group>"; };
		D5A7759C2C075F4E004DA914 /* CueVoice.swift */ = {isa = PBXFileReference; lastKnownFileType = sourcecode.swift; path = CueVoice.swift; sourceTree = "<group>"; };
		D5A7759E2C075FBF004DA914 /* VoiceOptionsDisplay.swift */ = {isa = PBXFileReference; lastKnownFileType = sourcecode.swift; path = VoiceOptionsDisplay.swift; sourceTree = "<group>"; };
		D5A775A02C075FFE004DA914 /* VoicePicker.swift */ = {isa = PBXFileReference; lastKnownFileType = sourcecode.swift; path = VoicePicker.swift; sourceTree = "<group>"; };
		D5A775A32C076122004DA914 /* AvailableVoices.swift */ = {isa = PBXFileReference; lastKnownFileType = sourcecode.swift; path = AvailableVoices.swift; sourceTree = "<group>"; };
		D5A775A52C076151004DA914 /* Helpers.swift */ = {isa = PBXFileReference; lastKnownFileType = sourcecode.swift; path = Helpers.swift; sourceTree = "<group>"; };
		D5A775A92C0780C4004DA914 /* VoiceController.swift */ = {isa = PBXFileReference; lastKnownFileType = sourcecode.swift; path = VoiceController.swift; sourceTree = "<group>"; };
		D5A775AB2C078127004DA914 /* AudioEngine.swift */ = {isa = PBXFileReference; lastKnownFileType = sourcecode.swift; path = AudioEngine.swift; sourceTree = "<group>"; };
		D5A775AD2C0784D0004DA914 /* AudioDirection.swift */ = {isa = PBXFileReference; lastKnownFileType = sourcecode.swift; path = AudioDirection.swift; sourceTree = "<group>"; };
		D5A775B02C08B445004DA914 /* SpeakingVoiceOnboarding.swift */ = {isa = PBXFileReference; lastKnownFileType = sourcecode.swift; path = SpeakingVoiceOnboarding.swift; sourceTree = "<group>"; };
		D5A775B22C08C10F004DA914 /* ScanningOnboarding.swift */ = {isa = PBXFileReference; lastKnownFileType = sourcecode.swift; path = ScanningOnboarding.swift; sourceTree = "<group>"; };
		D5A775B42C08C5C2004DA914 /* PredictionOnboarding.swift */ = {isa = PBXFileReference; lastKnownFileType = sourcecode.swift; path = PredictionOnboarding.swift; sourceTree = "<group>"; };
		D5A775B62C08C661004DA914 /* CharacterOrder.swift */ = {isa = PBXFileReference; lastKnownFileType = sourcecode.swift; path = CharacterOrder.swift; sourceTree = "<group>"; };
		D5A775B82C08C692004DA914 /* ControlCommandDisplayOptions.swift */ = {isa = PBXFileReference; lastKnownFileType = sourcecode.swift; path = ControlCommandDisplayOptions.swift; sourceTree = "<group>"; };
		D5A775BA2C08CC07004DA914 /* PredictionLanguage.swift */ = {isa = PBXFileReference; lastKnownFileType = sourcecode.swift; path = PredictionLanguage.swift; sourceTree = "<group>"; };
		D5A775BC2C09E5F4004DA914 /* OnScreenArrowsOnboarding.swift */ = {isa = PBXFileReference; lastKnownFileType = sourcecode.swift; path = OnScreenArrowsOnboarding.swift; sourceTree = "<group>"; };
		D5A775BE2C09E6F2004DA914 /* Swipe.swift */ = {isa = PBXFileReference; lastKnownFileType = sourcecode.swift; path = Swipe.swift; sourceTree = "<group>"; };
		D5A775C02C09FF16004DA914 /* SwitchOnboarding.swift */ = {isa = PBXFileReference; lastKnownFileType = sourcecode.swift; path = SwitchOnboarding.swift; sourceTree = "<group>"; };
		D5A775C42C0E0700004DA914 /* SwitchAction.swift */ = {isa = PBXFileReference; lastKnownFileType = sourcecode.swift; path = SwitchAction.swift; sourceTree = "<group>"; };
		D5A775C62C0E0782004DA914 /* UIKeyboardHIDUsage.swift */ = {isa = PBXFileReference; lastKnownFileType = sourcecode.swift; path = UIKeyboardHIDUsage.swift; sourceTree = "<group>"; };
		D5A775C82C0F5F6E004DA914 /* AddSwitch.swift */ = {isa = PBXFileReference; lastKnownFileType = sourcecode.swift; path = AddSwitch.swift; sourceTree = "<group>"; };
		D5A775CA2C0F5FA9004DA914 /* ActionPicker.swift */ = {isa = PBXFileReference; lastKnownFileType = sourcecode.swift; path = ActionPicker.swift; sourceTree = "<group>"; };
		D5A775CC2C0F66AC004DA914 /* KeyboardDetector.swift */ = {isa = PBXFileReference; lastKnownFileType = sourcecode.swift; path = KeyboardDetector.swift; sourceTree = "<group>"; };
		D5A775CE2C131F63004DA914 /* ErrorHandling.swift */ = {isa = PBXFileReference; lastKnownFileType = sourcecode.swift; path = ErrorHandling.swift; sourceTree = "<group>"; };
		D5A775D02C1324AB004DA914 /* MainCommunicationPage.swift */ = {isa = PBXFileReference; lastKnownFileType = sourcecode.swift; path = MainCommunicationPage.swift; sourceTree = "<group>"; };
		D5A775D22C136264004DA914 /* SettingsPage.swift */ = {isa = PBXFileReference; lastKnownFileType = sourcecode.swift; path = SettingsPage.swift; sourceTree = "<group>"; };
		D5A775D42C29A527004DA914 /* Rating.swift */ = {isa = PBXFileReference; lastKnownFileType = sourcecode.swift; path = Rating.swift; sourceTree = "<group>"; };
		D5A775D62C2B18C3004DA914 /* VoiceSelectionArea.swift */ = {isa = PBXFileReference; lastKnownFileType = sourcecode.swift; path = VoiceSelectionArea.swift; sourceTree = "<group>"; };
		D5A775D92C2B2030004DA914 /* ExternalLinksSection.swift */ = {isa = PBXFileReference; lastKnownFileType = sourcecode.swift; path = ExternalLinksSection.swift; sourceTree = "<group>"; };
		D5A775DB2C2C0BE5004DA914 /* AccessOptionsArea.swift */ = {isa = PBXFileReference; lastKnownFileType = sourcecode.swift; path = AccessOptionsArea.swift; sourceTree = "<group>"; };
		D5A775DD2C2C0FBD004DA914 /* SwitchControlSection.swift */ = {isa = PBXFileReference; lastKnownFileType = sourcecode.swift; path = SwitchControlSection.swift; sourceTree = "<group>"; };
		D5A775E12C2C1D1D004DA914 /* GameControllerSection.swift */ = {isa = PBXFileReference; lastKnownFileType = sourcecode.swift; name = GameControllerSection.swift; path = Settings/GameControllerSection.swift; sourceTree = "<group>"; };
		D5A775E82C2DA5C1004DA914 /* ScanningOptionsArea.swift */ = {isa = PBXFileReference; lastKnownFileType = sourcecode.swift; path = ScanningOptionsArea.swift; sourceTree = "<group>"; };
		D5A775EA2C2DAAF4004DA914 /* SpellingOptionsArea.swift */ = {isa = PBXFileReference; lastKnownFileType = sourcecode.swift; path = SpellingOptionsArea.swift; sourceTree = "<group>"; };
		D5A775EC2C2DB026004DA914 /* AudioOptionsArea.swift */ = {isa = PBXFileReference; lastKnownFileType = sourcecode.swift; path = AudioOptionsArea.swift; sourceTree = "<group>"; };
		D5A775EE2C2DBB7F004DA914 /* VocabularyOptionsArea.swift */ = {isa = PBXFileReference; lastKnownFileType = sourcecode.swift; path = VocabularyOptionsArea.swift; sourceTree = "<group>"; };
		D5A775F02C32E9C2004DA914 /* ScrollLock.swift */ = {isa = PBXFileReference; lastKnownFileType = sourcecode.swift; path = ScrollLock.swift; sourceTree = "<group>"; };
		D5A775F52C35A269004DA914 /* MainCommunicationPageState.swift */ = {isa = PBXFileReference; lastKnownFileType = sourcecode.swift; path = MainCommunicationPageState.swift; sourceTree = "<group>"; };
/* End PBXFileReference section */

/* Begin PBXFrameworksBuildPhase section */
		D577B3882BFF9A2800F064F2 /* Frameworks */ = {
			isa = PBXFrameworksBuildPhase;
			buildActionMask = 2147483647;
			files = (
				D581A7512C4023D800E5C626 /* SQLiteSwift in Frameworks */,
				D581A7542C4023F800E5C626 /* SwiftUIIntrospect in Frameworks */,
			);
			runOnlyForDeploymentPostprocessing = 0;
		};
/* End PBXFrameworksBuildPhase section */

/* Begin PBXGroup section */
		D577B3822BFF9A2800F064F2 = {
			isa = PBXGroup;
			children = (
				D577B38D2BFF9A2800F064F2 /* Echo */,
				D577B38C2BFF9A2800F064F2 /* Products */,
			);
			sourceTree = "<group>";
		};
		D577B38C2BFF9A2800F064F2 /* Products */ = {
			isa = PBXGroup;
			children = (
				D577B38B2BFF9A2800F064F2 /* Echo.app */,
			);
			name = Products;
			sourceTree = "<group>";
		};
		D577B38D2BFF9A2800F064F2 /* Echo */ = {
			isa = PBXGroup;
			children = (
				D581A7552C40255000E5C626 /* Info.plist */,
				D577B3AE2C00AF4400F064F2 /* EchoDemo.gif */,
				D5A775A22C076111004DA914 /* Observables */,
				D577B3A02C0099AA00F064F2 /* Pages */,
				D577B39F2C008BDA00F064F2 /* Models */,
				D577B3A52C009AC800F064F2 /* Components */,
				D577B3A72C00A03700F064F2 /* Extensions */,
				D5A775AF2C0784D5004DA914 /* Enums */,
				D5A775A52C076151004DA914 /* Helpers.swift */,
				D577B38E2BFF9A2800F064F2 /* EchoApp.swift */,
				D5A775CE2C131F63004DA914 /* ErrorHandling.swift */,
				D577B3902BFF9A2800F064F2 /* ContentView.swift */,
				D5A775AB2C078127004DA914 /* AudioEngine.swift */,
				D581E90E2C38444200F9EDE8 /* dictionary.sqlite */,
				D577B3922BFF9A2B00F064F2 /* Assets.xcassets */,
				D577B3942BFF9A2B00F064F2 /* Echo.entitlements */,
				D577B3952BFF9A2B00F064F2 /* Preview Content */,
				D581A7422C3EE29D00E5C626 /* Localizable.xcstrings */,
			);
			path = Echo;
			sourceTree = "<group>";
		};
		D577B3952BFF9A2B00F064F2 /* Preview Content */ = {
			isa = PBXGroup;
			children = (
				D577B3962BFF9A2B00F064F2 /* Preview Assets.xcassets */,
			);
			path = "Preview Content";
			sourceTree = "<group>";
		};
		D577B39F2C008BDA00F064F2 /* Models */ = {
			isa = PBXGroup;
			children = (
				D581A7392C3ED20A00E5C626 /* Settings.swift */,
				D581A73A2C3ED20A00E5C626 /* Voice.swift */,
				D581A73B2C3ED20A00E5C626 /* Vocabulary.swift */,
				D581A7382C3ED20900E5C626 /* Switch.swift */,
				D581A73C2C3ED20A00E5C626 /* Node.swift */,
			);
			path = Models;
			sourceTree = "<group>";
		};
		D577B3A02C0099AA00F064F2 /* Pages */ = {
			isa = PBXGroup;
			children = (
				D577B3A12C0099B500F064F2 /* Onboarding.swift */,
				D5A775D02C1324AB004DA914 /* MainCommunicationPage.swift */,
				D581A7462C3FF39600E5C626 /* EditPage.swift */,
				D5A775D22C136264004DA914 /* SettingsPage.swift */,
			);
			path = Pages;
			sourceTree = "<group>";
		};
		D577B3A52C009AC800F064F2 /* Components */ = {
			isa = PBXGroup;
			children = (
				D581A7482C401E5600E5C626 /* Editing */,
				D577B3A62C009AED00F064F2 /* Onboarding */,
				D5A775D82C2B18CD004DA914 /* Settings */,
				D5A7759E2C075FBF004DA914 /* VoiceOptionsDisplay.swift */,
				D5A775E12C2C1D1D004DA914 /* GameControllerSection.swift */,
				D581A74D2C401EBF00E5C626 /* SheetButton.swift */,
				D5A775F02C32E9C2004DA914 /* ScrollLock.swift */,
				D581E9162C3BFC2800F9EDE8 /* MessageBar.swift */,
				D581A72D2C3D556B00E5C626 /* KeyPressController.swift */,
				D5A775C82C0F5F6E004DA914 /* AddSwitch.swift */,
				D5A775CA2C0F5FA9004DA914 /* ActionPicker.swift */,
				D5A775CC2C0F66AC004DA914 /* KeyboardDetector.swift */,
				D581E9182C3BFC4200F9EDE8 /* NodeTreeView.swift */,
				D581E9102C384B8B00F9EDE8 /* OnScreenArrows.swift */,
				D5A775DD2C2C0FBD004DA914 /* SwitchControlSection.swift */,
				D5A775A02C075FFE004DA914 /* VoicePicker.swift */,
			);
			path = Components;
			sourceTree = "<group>";
		};
		D577B3A62C009AED00F064F2 /* Onboarding */ = {
			isa = PBXGroup;
			children = (
				D577B3A32C009AAA00F064F2 /* ButtonStyles.swift */,
				D5A775BC2C09E5F4004DA914 /* OnScreenArrowsOnboarding.swift */,
				D5A775C02C09FF16004DA914 /* SwitchOnboarding.swift */,
				D5A775BE2C09E6F2004DA914 /* Swipe.swift */,
				D5A775B42C08C5C2004DA914 /* PredictionOnboarding.swift */,
				D5A775B02C08B445004DA914 /* SpeakingVoiceOnboarding.swift */,
				D5A775B22C08C10F004DA914 /* ScanningOnboarding.swift */,
				D5A7759C2C075F4E004DA914 /* CueVoice.swift */,
				D577B3B02C00C2AF00F064F2 /* SecondStep.swift */,
				D577B3AA2C00A23A00F064F2 /* Intro.swift */,
				D577B3B22C00C32300F064F2 /* VocabularyOnboarding.swift */,
				D577B3AC2C00A98800F064F2 /* BottomText.swift */,
			);
			path = Onboarding;
			sourceTree = "<group>";
		};
		D577B3A72C00A03700F064F2 /* Extensions */ = {
			isa = PBXGroup;
			children = (
				D577B3A82C00A05100F064F2 /* View.swift */,
				D5A775C62C0E0782004DA914 /* UIKeyboardHIDUsage.swift */,
				D581E9072C382C5200F9EDE8 /* Array.swift */,
				D581E9122C384BD800F9EDE8 /* Comparable.swift */,
				D5A775982C0627D8004DA914 /* String.swift */,
			);
			path = Extensions;
			sourceTree = "<group>";
		};
		D581A7332C3ED0B500E5C626 /* GameController */ = {
			isa = PBXGroup;
			children = (
				D581A7312C3ED0AA00E5C626 /* ControllerManager.swift */,
				D581A7342C3ED0D000E5C626 /* ControllerButton.swift */,
				D581A7362C3ED0E300E5C626 /* ButtonDefaults.swift */,
				D581A72F2C3ED08700E5C626 /* CustomGameController.swift */,
			);
			path = GameController;
			sourceTree = "<group>";
		};
		D581A7482C401E5600E5C626 /* Editing */ = {
			isa = PBXGroup;
			children = (
				D581A7492C401E7700E5C626 /* EditNodeSheet.swift */,
				D581A74B2C401EA000E5C626 /* EditingNode.swift */,
			);
			path = Editing;
			sourceTree = "<group>";
		};
		D5A775A22C076111004DA914 /* Observables */ = {
			isa = PBXGroup;
			children = (
				D581A7332C3ED0B500E5C626 /* GameController */,
				D5A775A32C076122004DA914 /* AvailableVoices.swift */,
				D581A7442C3FED8200E5C626 /* EditState.swift */,
				D5A775F52C35A269004DA914 /* MainCommunicationPageState.swift */,
				D5A775A92C0780C4004DA914 /* VoiceController.swift */,
				D581E9092C38302700F9EDE8 /* Spelling.swift */,
				D5A775D42C29A527004DA914 /* Rating.swift */,
			);
			path = Observables;
			sourceTree = "<group>";
		};
		D5A775AF2C0784D5004DA914 /* Enums */ = {
			isa = PBXGroup;
			children = (
				D5A775AD2C0784D0004DA914 /* AudioDirection.swift */,
				D5A775C42C0E0700004DA914 /* SwitchAction.swift */,
				D5A775B82C08C692004DA914 /* ControlCommandDisplayOptions.swift */,
				D5A775BA2C08CC07004DA914 /* PredictionLanguage.swift */,
				D5A775B62C08C661004DA914 /* CharacterOrder.swift */,
			);
			path = Enums;
			sourceTree = "<group>";
		};
		D5A775D82C2B18CD004DA914 /* Settings */ = {
			isa = PBXGroup;
			children = (
				D5A775D62C2B18C3004DA914 /* VoiceSelectionArea.swift */,
				D5A775D92C2B2030004DA914 /* ExternalLinksSection.swift */,
				D5A775E82C2DA5C1004DA914 /* ScanningOptionsArea.swift */,
				D5A775EA2C2DAAF4004DA914 /* SpellingOptionsArea.swift */,
				D5A775EE2C2DBB7F004DA914 /* VocabularyOptionsArea.swift */,
				D5A775DB2C2C0BE5004DA914 /* AccessOptionsArea.swift */,
				D5A775EC2C2DB026004DA914 /* AudioOptionsArea.swift */,
			);
			path = Settings;
			sourceTree = "<group>";
		};
/* End PBXGroup section */

/* Begin PBXNativeTarget section */
		D577B38A2BFF9A2800F064F2 /* Echo */ = {
			isa = PBXNativeTarget;
			buildConfigurationList = D577B39A2BFF9A2B00F064F2 /* Build configuration list for PBXNativeTarget "Echo" */;
			buildPhases = (
				D577B3872BFF9A2800F064F2 /* Sources */,
				D577B3882BFF9A2800F064F2 /* Frameworks */,
				D577B3892BFF9A2800F064F2 /* Resources */,
			);
			buildRules = (
			);
			dependencies = (
			);
			name = Echo;
			packageProductDependencies = (
				D581A7502C4023D800E5C626 /* SQLiteSwift */,
				D581A7532C4023F800E5C626 /* SwiftUIIntrospect */,
			);
			productName = Echo;
			productReference = D577B38B2BFF9A2800F064F2 /* Echo.app */;
			productType = "com.apple.product-type.application";
		};
/* End PBXNativeTarget section */

/* Begin PBXProject section */
		D577B3832BFF9A2800F064F2 /* Project object */ = {
			isa = PBXProject;
			attributes = {
				BuildIndependentTargetsInParallel = 1;
				LastSwiftUpdateCheck = 1540;
				LastUpgradeCheck = 1540;
				TargetAttributes = {
					D577B38A2BFF9A2800F064F2 = {
						CreatedOnToolsVersion = 15.4;
					};
				};
			};
			buildConfigurationList = D577B3862BFF9A2800F064F2 /* Build configuration list for PBXProject "Echo" */;
			compatibilityVersion = "Xcode 14.0";
			developmentRegion = en;
			hasScannedForEncodings = 0;
			knownRegions = (
				en,
				Base,
			);
			mainGroup = D577B3822BFF9A2800F064F2;
			packageReferences = (
				D581A74F2C4023D800E5C626 /* XCRemoteSwiftPackageReference "SQLite" */,
				D581A7522C4023F800E5C626 /* XCRemoteSwiftPackageReference "SwiftUI-Introspect" */,
			);
			productRefGroup = D577B38C2BFF9A2800F064F2 /* Products */;
			projectDirPath = "";
			projectRoot = "";
			targets = (
				D577B38A2BFF9A2800F064F2 /* Echo */,
			);
		};
/* End PBXProject section */

/* Begin PBXResourcesBuildPhase section */
		D577B3892BFF9A2800F064F2 /* Resources */ = {
			isa = PBXResourcesBuildPhase;
			buildActionMask = 2147483647;
			files = (
				D577B3972BFF9A2B00F064F2 /* Preview Assets.xcassets in Resources */,
				D581A7432C3EE29D00E5C626 /* Localizable.xcstrings in Resources */,
				D577B3AF2C00AF4400F064F2 /* EchoDemo.gif in Resources */,
				D577B3932BFF9A2B00F064F2 /* Assets.xcassets in Resources */,
				D581E90F2C38444200F9EDE8 /* dictionary.sqlite in Resources */,
			);
			runOnlyForDeploymentPostprocessing = 0;
		};
/* End PBXResourcesBuildPhase section */

/* Begin PBXSourcesBuildPhase section */
		D577B3872BFF9A2800F064F2 /* Sources */ = {
			isa = PBXSourcesBuildPhase;
			buildActionMask = 2147483647;
			files = (
				D581A74C2C401EA000E5C626 /* EditingNode.swift in Sources */,
				D5A775C52C0E0700004DA914 /* SwitchAction.swift in Sources */,
				D5A775BB2C08CC07004DA914 /* PredictionLanguage.swift in Sources */,
				D5A775C92C0F5F6E004DA914 /* AddSwitch.swift in Sources */,
				D581A73F2C3ED20A00E5C626 /* Voice.swift in Sources */,
				D5A775BD2C09E5F4004DA914 /* OnScreenArrowsOnboarding.swift in Sources */,
				D581A74A2C401E7700E5C626 /* EditNodeSheet.swift in Sources */,
				D5A775A12C075FFE004DA914 /* VoicePicker.swift in Sources */,
				D581E9192C3BFC4200F9EDE8 /* NodeTreeView.swift in Sources */,
				D581E9082C382C5200F9EDE8 /* Array.swift in Sources */,
				D577B3B12C00C2AF00F064F2 /* SecondStep.swift in Sources */,
				D581A72E2C3D556B00E5C626 /* KeyPressController.swift in Sources */,
				D5A775E92C2DA5C1004DA914 /* ScanningOptionsArea.swift in Sources */,
				D5A775CF2C131F63004DA914 /* ErrorHandling.swift in Sources */,
				D581A7372C3ED0E300E5C626 /* ButtonDefaults.swift in Sources */,
				D5A7759F2C075FBF004DA914 /* VoiceOptionsDisplay.swift in Sources */,
				D5A775AA2C0780C4004DA914 /* VoiceController.swift in Sources */,
				D5A775EF2C2DBB7F004DA914 /* VocabularyOptionsArea.swift in Sources */,
				D5A775F12C32E9C2004DA914 /* ScrollLock.swift in Sources */,
				D5A7759D2C075F4E004DA914 /* CueVoice.swift in Sources */,
				D5A775CD2C0F66AC004DA914 /* KeyboardDetector.swift in Sources */,
				D5A775F62C35A269004DA914 /* MainCommunicationPageState.swift in Sources */,
				D581A73D2C3ED20A00E5C626 /* Switch.swift in Sources */,
				D5A775D52C29A527004DA914 /* Rating.swift in Sources */,
				D5A775AC2C078127004DA914 /* AudioEngine.swift in Sources */,
				D581E9132C384BD800F9EDE8 /* Comparable.swift in Sources */,
				D577B3912BFF9A2800F064F2 /* ContentView.swift in Sources */,
				D5A775AE2C0784D0004DA914 /* AudioDirection.swift in Sources */,
				D577B3A92C00A05100F064F2 /* View.swift in Sources */,
				D5A775DC2C2C0BE5004DA914 /* AccessOptionsArea.swift in Sources */,
				D5A775BF2C09E6F2004DA914 /* Swipe.swift in Sources */,
				D581E9112C384B8B00F9EDE8 /* OnScreenArrows.swift in Sources */,
				D5A775DA2C2B2030004DA914 /* ExternalLinksSection.swift in Sources */,
				D5A775B72C08C661004DA914 /* CharacterOrder.swift in Sources */,
				D5A775C12C09FF16004DA914 /* SwitchOnboarding.swift in Sources */,
				D5A775ED2C2DB026004DA914 /* AudioOptionsArea.swift in Sources */,
				D577B3A22C0099B500F064F2 /* Onboarding.swift in Sources */,
				D5A775B12C08B445004DA914 /* SpeakingVoiceOnboarding.swift in Sources */,
				D5A775992C0627D8004DA914 /* String.swift in Sources */,
				D581A7352C3ED0D000E5C626 /* ControllerButton.swift in Sources */,
				D5A775B32C08C10F004DA914 /* ScanningOnboarding.swift in Sources */,
				D581A74E2C401EBF00E5C626 /* SheetButton.swift in Sources */,
				D5A775D12C1324AB004DA914 /* MainCommunicationPage.swift in Sources */,
				D5A775EB2C2DAAF4004DA914 /* SpellingOptionsArea.swift in Sources */,
				D5A775B92C08C692004DA914 /* ControlCommandDisplayOptions.swift in Sources */,
				D5A775D72C2B18C3004DA914 /* VoiceSelectionArea.swift in Sources */,
				D5A775D32C136264004DA914 /* SettingsPage.swift in Sources */,
				D581E9172C3BFC2800F9EDE8 /* MessageBar.swift in Sources */,
				D581A7302C3ED08700E5C626 /* CustomGameController.swift in Sources */,
				D577B3AB2C00A23A00F064F2 /* Intro.swift in Sources */,
				D5A775A42C076122004DA914 /* AvailableVoices.swift in Sources */,
				D581A7412C3ED20A00E5C626 /* Node.swift in Sources */,
				D581A7452C3FED8200E5C626 /* EditState.swift in Sources */,
				D5A775C72C0E0782004DA914 /* UIKeyboardHIDUsage.swift in Sources */,
				D5A775E22C2C1D1D004DA914 /* GameControllerSection.swift in Sources */,
				D5A775CB2C0F5FA9004DA914 /* ActionPicker.swift in Sources */,
				D5A775A62C076151004DA914 /* Helpers.swift in Sources */,
				D577B3B32C00C32300F064F2 /* VocabularyOnboarding.swift in Sources */,
				D581A7322C3ED0AA00E5C626 /* ControllerManager.swift in Sources */,
				D577B3AD2C00A98800F064F2 /* BottomText.swift in Sources */,
				D581A73E2C3ED20A00E5C626 /* Settings.swift in Sources */,
				D5A775B52C08C5C2004DA914 /* PredictionOnboarding.swift in Sources */,
				D5A775DE2C2C0FBD004DA914 /* SwitchControlSection.swift in Sources */,
				D577B3A42C009AAA00F064F2 /* ButtonStyles.swift in Sources */,
				D577B38F2BFF9A2800F064F2 /* EchoApp.swift in Sources */,
				D581E90A2C38302700F9EDE8 /* Spelling.swift in Sources */,
				D581A7472C3FF39600E5C626 /* EditPage.swift in Sources */,
				D581A7402C3ED20A00E5C626 /* Vocabulary.swift in Sources */,
			);
			runOnlyForDeploymentPostprocessing = 0;
		};
/* End PBXSourcesBuildPhase section */

/* Begin XCBuildConfiguration section */
		D577B3982BFF9A2B00F064F2 /* Debug */ = {
			isa = XCBuildConfiguration;
			buildSettings = {
				ALWAYS_SEARCH_USER_PATHS = NO;
				ASSETCATALOG_COMPILER_GENERATE_SWIFT_ASSET_SYMBOL_EXTENSIONS = YES;
				CLANG_ANALYZER_NONNULL = YES;
				CLANG_ANALYZER_NUMBER_OBJECT_CONVERSION = YES_AGGRESSIVE;
				CLANG_CXX_LANGUAGE_STANDARD = "gnu++20";
				CLANG_ENABLE_MODULES = YES;
				CLANG_ENABLE_OBJC_ARC = YES;
				CLANG_ENABLE_OBJC_WEAK = YES;
				CLANG_WARN_BLOCK_CAPTURE_AUTORELEASING = YES;
				CLANG_WARN_BOOL_CONVERSION = YES;
				CLANG_WARN_COMMA = YES;
				CLANG_WARN_CONSTANT_CONVERSION = YES;
				CLANG_WARN_DEPRECATED_OBJC_IMPLEMENTATIONS = YES;
				CLANG_WARN_DIRECT_OBJC_ISA_USAGE = YES_ERROR;
				CLANG_WARN_DOCUMENTATION_COMMENTS = YES;
				CLANG_WARN_EMPTY_BODY = YES;
				CLANG_WARN_ENUM_CONVERSION = YES;
				CLANG_WARN_INFINITE_RECURSION = YES;
				CLANG_WARN_INT_CONVERSION = YES;
				CLANG_WARN_NON_LITERAL_NULL_CONVERSION = YES;
				CLANG_WARN_OBJC_IMPLICIT_RETAIN_SELF = YES;
				CLANG_WARN_OBJC_LITERAL_CONVERSION = YES;
				CLANG_WARN_OBJC_ROOT_CLASS = YES_ERROR;
				CLANG_WARN_QUOTED_INCLUDE_IN_FRAMEWORK_HEADER = YES;
				CLANG_WARN_RANGE_LOOP_ANALYSIS = YES;
				CLANG_WARN_STRICT_PROTOTYPES = YES;
				CLANG_WARN_SUSPICIOUS_MOVE = YES;
				CLANG_WARN_UNGUARDED_AVAILABILITY = YES_AGGRESSIVE;
				CLANG_WARN_UNREACHABLE_CODE = YES;
				CLANG_WARN__DUPLICATE_METHOD_MATCH = YES;
				COPY_PHASE_STRIP = NO;
				DEBUG_INFORMATION_FORMAT = dwarf;
				ENABLE_STRICT_OBJC_MSGSEND = YES;
				ENABLE_TESTABILITY = YES;
				ENABLE_USER_SCRIPT_SANDBOXING = YES;
				GCC_C_LANGUAGE_STANDARD = gnu17;
				GCC_DYNAMIC_NO_PIC = NO;
				GCC_NO_COMMON_BLOCKS = YES;
				GCC_OPTIMIZATION_LEVEL = 0;
				GCC_PREPROCESSOR_DEFINITIONS = (
					"DEBUG=1",
					"$(inherited)",
				);
				GCC_WARN_64_TO_32_BIT_CONVERSION = YES;
				GCC_WARN_ABOUT_RETURN_TYPE = YES_ERROR;
				GCC_WARN_UNDECLARED_SELECTOR = YES;
				GCC_WARN_UNINITIALIZED_AUTOS = YES_AGGRESSIVE;
				GCC_WARN_UNUSED_FUNCTION = YES;
				GCC_WARN_UNUSED_VARIABLE = YES;
				IPHONEOS_DEPLOYMENT_TARGET = 16.4;
				LOCALIZATION_PREFERS_STRING_CATALOGS = YES;
				MTL_ENABLE_DEBUG_INFO = INCLUDE_SOURCE;
				MTL_FAST_MATH = YES;
				ONLY_ACTIVE_ARCH = YES;
				SWIFT_ACTIVE_COMPILATION_CONDITIONS = "DEBUG $(inherited)";
				SWIFT_OPTIMIZATION_LEVEL = "-Onone";
			};
			name = Debug;
		};
		D577B3992BFF9A2B00F064F2 /* Release */ = {
			isa = XCBuildConfiguration;
			buildSettings = {
				ALWAYS_SEARCH_USER_PATHS = NO;
				ASSETCATALOG_COMPILER_GENERATE_SWIFT_ASSET_SYMBOL_EXTENSIONS = YES;
				CLANG_ANALYZER_NONNULL = YES;
				CLANG_ANALYZER_NUMBER_OBJECT_CONVERSION = YES_AGGRESSIVE;
				CLANG_CXX_LANGUAGE_STANDARD = "gnu++20";
				CLANG_ENABLE_MODULES = YES;
				CLANG_ENABLE_OBJC_ARC = YES;
				CLANG_ENABLE_OBJC_WEAK = YES;
				CLANG_WARN_BLOCK_CAPTURE_AUTORELEASING = YES;
				CLANG_WARN_BOOL_CONVERSION = YES;
				CLANG_WARN_COMMA = YES;
				CLANG_WARN_CONSTANT_CONVERSION = YES;
				CLANG_WARN_DEPRECATED_OBJC_IMPLEMENTATIONS = YES;
				CLANG_WARN_DIRECT_OBJC_ISA_USAGE = YES_ERROR;
				CLANG_WARN_DOCUMENTATION_COMMENTS = YES;
				CLANG_WARN_EMPTY_BODY = YES;
				CLANG_WARN_ENUM_CONVERSION = YES;
				CLANG_WARN_INFINITE_RECURSION = YES;
				CLANG_WARN_INT_CONVERSION = YES;
				CLANG_WARN_NON_LITERAL_NULL_CONVERSION = YES;
				CLANG_WARN_OBJC_IMPLICIT_RETAIN_SELF = YES;
				CLANG_WARN_OBJC_LITERAL_CONVERSION = YES;
				CLANG_WARN_OBJC_ROOT_CLASS = YES_ERROR;
				CLANG_WARN_QUOTED_INCLUDE_IN_FRAMEWORK_HEADER = YES;
				CLANG_WARN_RANGE_LOOP_ANALYSIS = YES;
				CLANG_WARN_STRICT_PROTOTYPES = YES;
				CLANG_WARN_SUSPICIOUS_MOVE = YES;
				CLANG_WARN_UNGUARDED_AVAILABILITY = YES_AGGRESSIVE;
				CLANG_WARN_UNREACHABLE_CODE = YES;
				CLANG_WARN__DUPLICATE_METHOD_MATCH = YES;
				COPY_PHASE_STRIP = NO;
				DEBUG_INFORMATION_FORMAT = "dwarf-with-dsym";
				ENABLE_NS_ASSERTIONS = NO;
				ENABLE_STRICT_OBJC_MSGSEND = YES;
				ENABLE_USER_SCRIPT_SANDBOXING = YES;
				GCC_C_LANGUAGE_STANDARD = gnu17;
				GCC_NO_COMMON_BLOCKS = YES;
				GCC_WARN_64_TO_32_BIT_CONVERSION = YES;
				GCC_WARN_ABOUT_RETURN_TYPE = YES_ERROR;
				GCC_WARN_UNDECLARED_SELECTOR = YES;
				GCC_WARN_UNINITIALIZED_AUTOS = YES_AGGRESSIVE;
				GCC_WARN_UNUSED_FUNCTION = YES;
				GCC_WARN_UNUSED_VARIABLE = YES;
				IPHONEOS_DEPLOYMENT_TARGET = 16.4;
				LOCALIZATION_PREFERS_STRING_CATALOGS = YES;
				MTL_ENABLE_DEBUG_INFO = NO;
				MTL_FAST_MATH = YES;
				SWIFT_COMPILATION_MODE = wholemodule;
			};
			name = Release;
		};
		D577B39B2BFF9A2B00F064F2 /* Debug */ = {
			isa = XCBuildConfiguration;
			buildSettings = {
				ASSETCATALOG_COMPILER_APPICON_NAME = AppIcon;
				ASSETCATALOG_COMPILER_GLOBAL_ACCENT_COLOR_NAME = AccentColor;
				ASSETCATALOG_COMPILER_INCLUDE_ALL_APPICON_ASSETS = NO;
				CODE_SIGN_ENTITLEMENTS = Echo/Echo.entitlements;
				CODE_SIGN_STYLE = Automatic;
				CURRENT_PROJECT_VERSION = 14;
				DEVELOPMENT_ASSET_PATHS = "\"Echo/Preview Content\"";
				DEVELOPMENT_TEAM = K45HHA96ND;
				ENABLE_HARDENED_RUNTIME = YES;
				ENABLE_PREVIEWS = YES;
				GENERATE_INFOPLIST_FILE = YES;
				INFOPLIST_FILE = Echo/Info.plist;
				"INFOPLIST_KEY_UIApplicationSceneManifest_Generation[sdk=iphoneos*]" = YES;
				"INFOPLIST_KEY_UIApplicationSceneManifest_Generation[sdk=iphonesimulator*]" = YES;
				"INFOPLIST_KEY_UIApplicationSupportsIndirectInputEvents[sdk=iphoneos*]" = YES;
				"INFOPLIST_KEY_UIApplicationSupportsIndirectInputEvents[sdk=iphonesimulator*]" = YES;
				"INFOPLIST_KEY_UILaunchScreen_Generation[sdk=iphoneos*]" = YES;
				"INFOPLIST_KEY_UILaunchScreen_Generation[sdk=iphonesimulator*]" = YES;
				"INFOPLIST_KEY_UIStatusBarStyle[sdk=iphoneos*]" = UIStatusBarStyleDefault;
				"INFOPLIST_KEY_UIStatusBarStyle[sdk=iphonesimulator*]" = UIStatusBarStyleDefault;
				INFOPLIST_KEY_UISupportedInterfaceOrientations_iPad = "UIInterfaceOrientationPortrait UIInterfaceOrientationPortraitUpsideDown UIInterfaceOrientationLandscapeLeft UIInterfaceOrientationLandscapeRight";
				INFOPLIST_KEY_UISupportedInterfaceOrientations_iPhone = "UIInterfaceOrientationPortrait UIInterfaceOrientationLandscapeLeft UIInterfaceOrientationLandscapeRight";
				IPHONEOS_DEPLOYMENT_TARGET = 17.0;
				LD_RUNPATH_SEARCH_PATHS = "@executable_path/Frameworks";
				"LD_RUNPATH_SEARCH_PATHS[sdk=macosx*]" = "@executable_path/../Frameworks";
				MACOSX_DEPLOYMENT_TARGET = 14.4;
				MARKETING_VERSION = 1.12.4;
				PRODUCT_BUNDLE_IDENTIFIER = uk.org.acecentre.PascoV2;
				PRODUCT_NAME = "$(TARGET_NAME)";
				SDKROOT = auto;
				SUPPORTED_PLATFORMS = "iphoneos iphonesimulator";
				SUPPORTS_MACCATALYST = NO;
				SUPPORTS_MAC_DESIGNED_FOR_IPHONE_IPAD = YES;
				SUPPORTS_XR_DESIGNED_FOR_IPHONE_IPAD = YES;
				SWIFT_EMIT_LOC_STRINGS = YES;
				SWIFT_VERSION = 5.0;
				TARGETED_DEVICE_FAMILY = "1,2";
			};
			name = Debug;
		};
		D577B39C2BFF9A2B00F064F2 /* Release */ = {
			isa = XCBuildConfiguration;
			buildSettings = {
				ASSETCATALOG_COMPILER_APPICON_NAME = AppIcon;
				ASSETCATALOG_COMPILER_GLOBAL_ACCENT_COLOR_NAME = AccentColor;
				ASSETCATALOG_COMPILER_INCLUDE_ALL_APPICON_ASSETS = NO;
				CODE_SIGN_ENTITLEMENTS = Echo/Echo.entitlements;
				CODE_SIGN_STYLE = Automatic;
				CURRENT_PROJECT_VERSION = 14;
				DEVELOPMENT_ASSET_PATHS = "\"Echo/Preview Content\"";
				DEVELOPMENT_TEAM = K45HHA96ND;
				ENABLE_HARDENED_RUNTIME = YES;
				ENABLE_PREVIEWS = YES;
				GENERATE_INFOPLIST_FILE = YES;
				INFOPLIST_FILE = Echo/Info.plist;
				"INFOPLIST_KEY_UIApplicationSceneManifest_Generation[sdk=iphoneos*]" = YES;
				"INFOPLIST_KEY_UIApplicationSceneManifest_Generation[sdk=iphonesimulator*]" = YES;
				"INFOPLIST_KEY_UIApplicationSupportsIndirectInputEvents[sdk=iphoneos*]" = YES;
				"INFOPLIST_KEY_UIApplicationSupportsIndirectInputEvents[sdk=iphonesimulator*]" = YES;
				"INFOPLIST_KEY_UILaunchScreen_Generation[sdk=iphoneos*]" = YES;
				"INFOPLIST_KEY_UILaunchScreen_Generation[sdk=iphonesimulator*]" = YES;
				"INFOPLIST_KEY_UIStatusBarStyle[sdk=iphoneos*]" = UIStatusBarStyleDefault;
				"INFOPLIST_KEY_UIStatusBarStyle[sdk=iphonesimulator*]" = UIStatusBarStyleDefault;
				INFOPLIST_KEY_UISupportedInterfaceOrientations_iPad = "UIInterfaceOrientationPortrait UIInterfaceOrientationPortraitUpsideDown UIInterfaceOrientationLandscapeLeft UIInterfaceOrientationLandscapeRight";
				INFOPLIST_KEY_UISupportedInterfaceOrientations_iPhone = "UIInterfaceOrientationPortrait UIInterfaceOrientationLandscapeLeft UIInterfaceOrientationLandscapeRight";
				IPHONEOS_DEPLOYMENT_TARGET = 17.0;
				LD_RUNPATH_SEARCH_PATHS = "@executable_path/Frameworks";
				"LD_RUNPATH_SEARCH_PATHS[sdk=macosx*]" = "@executable_path/../Frameworks";
				MACOSX_DEPLOYMENT_TARGET = 14.4;
				MARKETING_VERSION = 1.12.4;
				PRODUCT_BUNDLE_IDENTIFIER = uk.org.acecentre.PascoV2;
				PRODUCT_NAME = "$(TARGET_NAME)";
				SDKROOT = auto;
				SUPPORTED_PLATFORMS = "iphoneos iphonesimulator";
				SUPPORTS_MACCATALYST = NO;
				SUPPORTS_MAC_DESIGNED_FOR_IPHONE_IPAD = YES;
				SUPPORTS_XR_DESIGNED_FOR_IPHONE_IPAD = YES;
				SWIFT_EMIT_LOC_STRINGS = YES;
				SWIFT_VERSION = 5.0;
				TARGETED_DEVICE_FAMILY = "1,2";
			};
			name = Release;
		};
/* End XCBuildConfiguration section */

/* Begin XCConfigurationList section */
		D577B3862BFF9A2800F064F2 /* Build configuration list for PBXProject "Echo" */ = {
			isa = XCConfigurationList;
			buildConfigurations = (
				D577B3982BFF9A2B00F064F2 /* Debug */,
				D577B3992BFF9A2B00F064F2 /* Release */,
			);
			defaultConfigurationIsVisible = 0;
			defaultConfigurationName = Release;
		};
		D577B39A2BFF9A2B00F064F2 /* Build configuration list for PBXNativeTarget "Echo" */ = {
			isa = XCConfigurationList;
			buildConfigurations = (
				D577B39B2BFF9A2B00F064F2 /* Debug */,
				D577B39C2BFF9A2B00F064F2 /* Release */,
			);
			defaultConfigurationIsVisible = 0;
			defaultConfigurationName = Release;
		};
/* End XCConfigurationList section */

/* Begin XCRemoteSwiftPackageReference section */
		D581A74F2C4023D800E5C626 /* XCRemoteSwiftPackageReference "SQLite" */ = {
			isa = XCRemoteSwiftPackageReference;
			repositoryURL = "https://github.com/AceCentre/SQLite.swift";
			requirement = {
				branch = master;
				kind = branch;
			};
		};
		D581A7522C4023F800E5C626 /* XCRemoteSwiftPackageReference "SwiftUI-Introspect" */ = {
			isa = XCRemoteSwiftPackageReference;
			repositoryURL = "https://github.com/siteline/SwiftUI-Introspect";
			requirement = {
				kind = upToNextMajorVersion;
				minimumVersion = 1.2.0;
			};
		};
/* End XCRemoteSwiftPackageReference section */

/* Begin XCSwiftPackageProductDependency section */
		D581A7502C4023D800E5C626 /* SQLiteSwift */ = {
			isa = XCSwiftPackageProductDependency;
			package = D581A74F2C4023D800E5C626 /* XCRemoteSwiftPackageReference "SQLite" */;
			productName = SQLiteSwift;
		};
		D581A7532C4023F800E5C626 /* SwiftUIIntrospect */ = {
			isa = XCSwiftPackageProductDependency;
			package = D581A7522C4023F800E5C626 /* XCRemoteSwiftPackageReference "SwiftUI-Introspect" */;
			productName = SwiftUIIntrospect;
		};
/* End XCSwiftPackageProductDependency section */
	};
	rootObject = D577B3832BFF9A2800F064F2 /* Project object */;
}
