// !$*UTF8*$!
{
	archiveVersion = 1;
	classes = {
	};
	objectVersion = 56;
	objects = {

/* Begin PBXBuildFile section */
		D51743072A6FF72300E14EE0 /* dictionary.sqlite in Resources */ = {isa = PBXBuildFile; fileRef = D51743062A6FF72300E14EE0 /* dictionary.sqlite */; };
		D517430A2A6FFBBA00E14EE0 /* SQLite in Frameworks */ = {isa = PBXBuildFile; productRef = D51743092A6FFBBA00E14EE0 /* SQLite */; };
		D517430C2A7AA8BB00E14EE0 /* Prediction.swift in Sources */ = {isa = PBXBuildFile; fileRef = D517430B2A7AA8BB00E14EE0 /* Prediction.swift */; };
		D51743112A7AA8FD00E14EE0 /* TextToSpeech.swift in Sources */ = {isa = PBXBuildFile; fileRef = D51743102A7AA8FD00E14EE0 /* TextToSpeech.swift */; };
		D51743132A7AA94100E14EE0 /* Items.swift in Sources */ = {isa = PBXBuildFile; fileRef = D51743122A7AA94100E14EE0 /* Items.swift */; };
		D5965DFD2A61995A003C9208 /* EchoApp.swift in Sources */ = {isa = PBXBuildFile; fileRef = D5965DFC2A61995A003C9208 /* EchoApp.swift */; };
		D5965DFF2A61995A003C9208 /* ContentView.swift in Sources */ = {isa = PBXBuildFile; fileRef = D5965DFE2A61995A003C9208 /* ContentView.swift */; };
		D5965E012A61995E003C9208 /* Assets.xcassets in Resources */ = {isa = PBXBuildFile; fileRef = D5965E002A61995E003C9208 /* Assets.xcassets */; };
		D5965E042A61995F003C9208 /* Preview Assets.xcassets in Resources */ = {isa = PBXBuildFile; fileRef = D5965E032A61995F003C9208 /* Preview Assets.xcassets */; };
		D5C005712AC58C7A007C21B2 /* SettingsPage.swift in Sources */ = {isa = PBXBuildFile; fileRef = D5C005702AC58C7A007C21B2 /* SettingsPage.swift */; };
		D5C005732AC5CEF9007C21B2 /* VoiceSelectionPage.swift in Sources */ = {isa = PBXBuildFile; fileRef = D5C005722AC5CEF9007C21B2 /* VoiceSelectionPage.swift */; };
		D5E26B432AC2E77A003545BE /* ScrollLock.swift in Sources */ = {isa = PBXBuildFile; fileRef = D5E26B422AC2E77A003545BE /* ScrollLock.swift */; };
/* End PBXBuildFile section */

/* Begin PBXFileReference section */
		D51743062A6FF72300E14EE0 /* dictionary.sqlite */ = {isa = PBXFileReference; lastKnownFileType = file; path = dictionary.sqlite; sourceTree = "<group>"; };
		D517430B2A7AA8BB00E14EE0 /* Prediction.swift */ = {isa = PBXFileReference; lastKnownFileType = sourcecode.swift; path = Prediction.swift; sourceTree = "<group>"; };
		D51743102A7AA8FD00E14EE0 /* TextToSpeech.swift */ = {isa = PBXFileReference; lastKnownFileType = sourcecode.swift; path = TextToSpeech.swift; sourceTree = "<group>"; };
		D51743122A7AA94100E14EE0 /* Items.swift */ = {isa = PBXFileReference; lastKnownFileType = sourcecode.swift; path = Items.swift; sourceTree = "<group>"; };
		D5965DF92A61995A003C9208 /* Echo.app */ = {isa = PBXFileReference; explicitFileType = wrapper.application; includeInIndex = 0; path = Echo.app; sourceTree = BUILT_PRODUCTS_DIR; };
		D5965DFC2A61995A003C9208 /* EchoApp.swift */ = {isa = PBXFileReference; lastKnownFileType = sourcecode.swift; path = EchoApp.swift; sourceTree = "<group>"; };
		D5965DFE2A61995A003C9208 /* ContentView.swift */ = {isa = PBXFileReference; lastKnownFileType = sourcecode.swift; path = ContentView.swift; sourceTree = "<group>"; };
		D5965E002A61995E003C9208 /* Assets.xcassets */ = {isa = PBXFileReference; lastKnownFileType = folder.assetcatalog; path = Assets.xcassets; sourceTree = "<group>"; };
		D5965E032A61995F003C9208 /* Preview Assets.xcassets */ = {isa = PBXFileReference; lastKnownFileType = folder.assetcatalog; path = "Preview Assets.xcassets"; sourceTree = "<group>"; };
		D5965E0B2A6875AB003C9208 /* Info.plist */ = {isa = PBXFileReference; lastKnownFileType = text.plist; path = Info.plist; sourceTree = "<group>"; };
		D5C0056E2AC4625D007C21B2 /* ci_post_clone.sh */ = {isa = PBXFileReference; lastKnownFileType = text.script.sh; path = ci_post_clone.sh; sourceTree = "<group>"; };
		D5C005702AC58C7A007C21B2 /* SettingsPage.swift */ = {isa = PBXFileReference; lastKnownFileType = sourcecode.swift; path = SettingsPage.swift; sourceTree = "<group>"; };
		D5C005722AC5CEF9007C21B2 /* VoiceSelectionPage.swift */ = {isa = PBXFileReference; lastKnownFileType = sourcecode.swift; path = VoiceSelectionPage.swift; sourceTree = "<group>"; };
		D5E26B422AC2E77A003545BE /* ScrollLock.swift */ = {isa = PBXFileReference; lastKnownFileType = sourcecode.swift; path = ScrollLock.swift; sourceTree = "<group>"; };
/* End PBXFileReference section */

/* Begin PBXFrameworksBuildPhase section */
		D5965DF62A61995A003C9208 /* Frameworks */ = {
			isa = PBXFrameworksBuildPhase;
			buildActionMask = 2147483647;
			files = (
				D517430A2A6FFBBA00E14EE0 /* SQLite in Frameworks */,
			);
			runOnlyForDeploymentPostprocessing = 0;
		};
/* End PBXFrameworksBuildPhase section */

/* Begin PBXGroup section */
		D5965DF02A61995A003C9208 = {
			isa = PBXGroup;
			children = (
				D5C0056D2AC46235007C21B2 /* ci_scripts */,
				D5965DFB2A61995A003C9208 /* Echo */,
				D5965DFA2A61995A003C9208 /* Products */,
			);
			sourceTree = "<group>";
		};
		D5965DFA2A61995A003C9208 /* Products */ = {
			isa = PBXGroup;
			children = (
				D5965DF92A61995A003C9208 /* Echo.app */,
			);
			name = Products;
			sourceTree = "<group>";
		};
		D5965DFB2A61995A003C9208 /* Echo */ = {
			isa = PBXGroup;
			children = (
				D5965E0B2A6875AB003C9208 /* Info.plist */,
				D5965DFC2A61995A003C9208 /* EchoApp.swift */,
				D51743102A7AA8FD00E14EE0 /* TextToSpeech.swift */,
				D5965DFE2A61995A003C9208 /* ContentView.swift */,
				D5C005702AC58C7A007C21B2 /* SettingsPage.swift */,
				D5C005722AC5CEF9007C21B2 /* VoiceSelectionPage.swift */,
				D5E26B422AC2E77A003545BE /* ScrollLock.swift */,
				D51743122A7AA94100E14EE0 /* Items.swift */,
				D517430B2A7AA8BB00E14EE0 /* Prediction.swift */,
				D51743062A6FF72300E14EE0 /* dictionary.sqlite */,
				D5965E002A61995E003C9208 /* Assets.xcassets */,
				D5965E022A61995F003C9208 /* Preview Content */,
			);
			path = Echo;
			sourceTree = "<group>";
		};
		D5965E022A61995F003C9208 /* Preview Content */ = {
			isa = PBXGroup;
			children = (
				D5965E032A61995F003C9208 /* Preview Assets.xcassets */,
			);
			path = "Preview Content";
			sourceTree = "<group>";
		};
		D5C0056D2AC46235007C21B2 /* ci_scripts */ = {
			isa = PBXGroup;
			children = (
				D5C0056E2AC4625D007C21B2 /* ci_post_clone.sh */,
			);
			path = ci_scripts;
			sourceTree = "<group>";
		};
/* End PBXGroup section */

/* Begin PBXNativeTarget section */
		D5965DF82A61995A003C9208 /* Echo */ = {
			isa = PBXNativeTarget;
			buildConfigurationList = D5965E072A61995F003C9208 /* Build configuration list for PBXNativeTarget "Echo" */;
			buildPhases = (
				D5965DF52A61995A003C9208 /* Sources */,
				D5965DF62A61995A003C9208 /* Frameworks */,
				D5965DF72A61995A003C9208 /* Resources */,
				D5C0056F2AC46B9C007C21B2 /* ShellScript */,
			);
			buildRules = (
			);
			dependencies = (
			);
			name = Echo;
			packageProductDependencies = (
				D51743092A6FFBBA00E14EE0 /* SQLite */,
			);
			productName = Echo;
			productReference = D5965DF92A61995A003C9208 /* Echo.app */;
			productType = "com.apple.product-type.application";
		};
/* End PBXNativeTarget section */

/* Begin PBXProject section */
		D5965DF12A61995A003C9208 /* Project object */ = {
			isa = PBXProject;
			attributes = {
				BuildIndependentTargetsInParallel = 1;
				LastSwiftUpdateCheck = 1430;
				LastUpgradeCheck = 1500;
				TargetAttributes = {
					D5965DF82A61995A003C9208 = {
						CreatedOnToolsVersion = 14.3.1;
					};
				};
			};
			buildConfigurationList = D5965DF42A61995A003C9208 /* Build configuration list for PBXProject "Echo" */;
			compatibilityVersion = "Xcode 14.0";
			developmentRegion = en;
			hasScannedForEncodings = 0;
			knownRegions = (
				en,
				Base,
			);
			mainGroup = D5965DF02A61995A003C9208;
			packageReferences = (
				D51743082A6FFBBA00E14EE0 /* XCRemoteSwiftPackageReference "SQLite" */,
			);
			productRefGroup = D5965DFA2A61995A003C9208 /* Products */;
			projectDirPath = "";
			projectRoot = "";
			targets = (
				D5965DF82A61995A003C9208 /* Echo */,
			);
		};
/* End PBXProject section */

/* Begin PBXResourcesBuildPhase section */
		D5965DF72A61995A003C9208 /* Resources */ = {
			isa = PBXResourcesBuildPhase;
			buildActionMask = 2147483647;
			files = (
				D5965E042A61995F003C9208 /* Preview Assets.xcassets in Resources */,
				D5965E012A61995E003C9208 /* Assets.xcassets in Resources */,
				D51743072A6FF72300E14EE0 /* dictionary.sqlite in Resources */,
			);
			runOnlyForDeploymentPostprocessing = 0;
		};
/* End PBXResourcesBuildPhase section */

/* Begin PBXShellScriptBuildPhase section */
		D5C0056F2AC46B9C007C21B2 /* ShellScript */ = {
			isa = PBXShellScriptBuildPhase;
			alwaysOutOfDate = 1;
			buildActionMask = 2147483647;
			files = (
			);
			inputFileListPaths = (
			);
			inputPaths = (
			);
			outputFileListPaths = (
			);
			outputPaths = (
			);
			runOnlyForDeploymentPostprocessing = 0;
			shellPath = /bin/sh;
			shellScript = "# Type a script or drag a script file from your workspace to insert its path.\necho \"LINT BEGIN\"\n\nif [[ \"$(uname -m)\" == arm64 ]]; then\n    export PATH=\"/opt/homebrew/bin:$PATH\"\nfi\n\nif which swiftlint > /dev/null; then\n  swiftlint\nelse\n  echo \"warning: SwiftLint not installed, download from https://github.com/realm/SwiftLint or run brew install swiftlint\"\nfi\n";
		};
/* End PBXShellScriptBuildPhase section */

/* Begin PBXSourcesBuildPhase section */
		D5965DF52A61995A003C9208 /* Sources */ = {
			isa = PBXSourcesBuildPhase;
			buildActionMask = 2147483647;
			files = (
				D5965DFF2A61995A003C9208 /* ContentView.swift in Sources */,
				D5E26B432AC2E77A003545BE /* ScrollLock.swift in Sources */,
				D5C005712AC58C7A007C21B2 /* SettingsPage.swift in Sources */,
				D51743132A7AA94100E14EE0 /* Items.swift in Sources */,
				D5C005732AC5CEF9007C21B2 /* VoiceSelectionPage.swift in Sources */,
				D51743112A7AA8FD00E14EE0 /* TextToSpeech.swift in Sources */,
				D5965DFD2A61995A003C9208 /* EchoApp.swift in Sources */,
				D517430C2A7AA8BB00E14EE0 /* Prediction.swift in Sources */,
			);
			runOnlyForDeploymentPostprocessing = 0;
		};
/* End PBXSourcesBuildPhase section */

/* Begin XCBuildConfiguration section */
		D5965E052A61995F003C9208 /* Debug */ = {
			isa = XCBuildConfiguration;
			buildSettings = {
				ALWAYS_SEARCH_USER_PATHS = NO;
				CLANG_ANALYZER_NONNULL = YES;
				CLANG_ANALYZER_NUMBER_OBJECT_CONVERSION = YES_AGGRESSIVE;
				CLANG_CXX_LANGUAGE_STANDARD = "gnu++20";
				CLANG_ENABLE_MODULES = YES;
				CLANG_ENABLE_OBJC_ARC = YES;
				CLANG_ENABLE_OBJC_WEAK = YES;
				CLANG_WARN_BLOCK_CAPTURE_AUTORELEASING = YES;
				CLANG_WARN_BOOL_CONVERSION = YES;
				CLANG_WARN_COMMA = YES;
				CLANG_WARN_CONSTANT_CONVERSION = YES;
				CLANG_WARN_DEPRECATED_OBJC_IMPLEMENTATIONS = YES;
				CLANG_WARN_DIRECT_OBJC_ISA_USAGE = YES_ERROR;
				CLANG_WARN_DOCUMENTATION_COMMENTS = YES;
				CLANG_WARN_EMPTY_BODY = YES;
				CLANG_WARN_ENUM_CONVERSION = YES;
				CLANG_WARN_INFINITE_RECURSION = YES;
				CLANG_WARN_INT_CONVERSION = YES;
				CLANG_WARN_NON_LITERAL_NULL_CONVERSION = YES;
				CLANG_WARN_OBJC_IMPLICIT_RETAIN_SELF = YES;
				CLANG_WARN_OBJC_LITERAL_CONVERSION = YES;
				CLANG_WARN_OBJC_ROOT_CLASS = YES_ERROR;
				CLANG_WARN_QUOTED_INCLUDE_IN_FRAMEWORK_HEADER = YES;
				CLANG_WARN_RANGE_LOOP_ANALYSIS = YES;
				CLANG_WARN_STRICT_PROTOTYPES = YES;
				CLANG_WARN_SUSPICIOUS_MOVE = YES;
				CLANG_WARN_UNGUARDED_AVAILABILITY = YES_AGGRESSIVE;
				CLANG_WARN_UNREACHABLE_CODE = YES;
				CLANG_WARN__DUPLICATE_METHOD_MATCH = YES;
				COPY_PHASE_STRIP = NO;
				DEBUG_INFORMATION_FORMAT = dwarf;
				ENABLE_STRICT_OBJC_MSGSEND = YES;
				ENABLE_TESTABILITY = YES;
				GCC_C_LANGUAGE_STANDARD = gnu11;
				GCC_DYNAMIC_NO_PIC = NO;
				GCC_NO_COMMON_BLOCKS = YES;
				GCC_OPTIMIZATION_LEVEL = 0;
				GCC_PREPROCESSOR_DEFINITIONS = (
					"DEBUG=1",
					"$(inherited)",
				);
				GCC_WARN_64_TO_32_BIT_CONVERSION = YES;
				GCC_WARN_ABOUT_RETURN_TYPE = YES_ERROR;
				GCC_WARN_UNDECLARED_SELECTOR = YES;
				GCC_WARN_UNINITIALIZED_AUTOS = YES_AGGRESSIVE;
				GCC_WARN_UNUSED_FUNCTION = YES;
				GCC_WARN_UNUSED_VARIABLE = YES;
				IPHONEOS_DEPLOYMENT_TARGET = 16.4;
				MTL_ENABLE_DEBUG_INFO = INCLUDE_SOURCE;
				MTL_FAST_MATH = YES;
				ONLY_ACTIVE_ARCH = YES;
				SDKROOT = iphoneos;
				SWIFT_ACTIVE_COMPILATION_CONDITIONS = DEBUG;
				SWIFT_OPTIMIZATION_LEVEL = "-Onone";
			};
			name = Debug;
		};
		D5965E062A61995F003C9208 /* Release */ = {
			isa = XCBuildConfiguration;
			buildSettings = {
				ALWAYS_SEARCH_USER_PATHS = NO;
				CLANG_ANALYZER_NONNULL = YES;
				CLANG_ANALYZER_NUMBER_OBJECT_CONVERSION = YES_AGGRESSIVE;
				CLANG_CXX_LANGUAGE_STANDARD = "gnu++20";
				CLANG_ENABLE_MODULES = YES;
				CLANG_ENABLE_OBJC_ARC = YES;
				CLANG_ENABLE_OBJC_WEAK = YES;
				CLANG_WARN_BLOCK_CAPTURE_AUTORELEASING = YES;
				CLANG_WARN_BOOL_CONVERSION = YES;
				CLANG_WARN_COMMA = YES;
				CLANG_WARN_CONSTANT_CONVERSION = YES;
				CLANG_WARN_DEPRECATED_OBJC_IMPLEMENTATIONS = YES;
				CLANG_WARN_DIRECT_OBJC_ISA_USAGE = YES_ERROR;
				CLANG_WARN_DOCUMENTATION_COMMENTS = YES;
				CLANG_WARN_EMPTY_BODY = YES;
				CLANG_WARN_ENUM_CONVERSION = YES;
				CLANG_WARN_INFINITE_RECURSION = YES;
				CLANG_WARN_INT_CONVERSION = YES;
				CLANG_WARN_NON_LITERAL_NULL_CONVERSION = YES;
				CLANG_WARN_OBJC_IMPLICIT_RETAIN_SELF = YES;
				CLANG_WARN_OBJC_LITERAL_CONVERSION = YES;
				CLANG_WARN_OBJC_ROOT_CLASS = YES_ERROR;
				CLANG_WARN_QUOTED_INCLUDE_IN_FRAMEWORK_HEADER = YES;
				CLANG_WARN_RANGE_LOOP_ANALYSIS = YES;
				CLANG_WARN_STRICT_PROTOTYPES = YES;
				CLANG_WARN_SUSPICIOUS_MOVE = YES;
				CLANG_WARN_UNGUARDED_AVAILABILITY = YES_AGGRESSIVE;
				CLANG_WARN_UNREACHABLE_CODE = YES;
				CLANG_WARN__DUPLICATE_METHOD_MATCH = YES;
				COPY_PHASE_STRIP = NO;
				DEBUG_INFORMATION_FORMAT = "dwarf-with-dsym";
				ENABLE_NS_ASSERTIONS = NO;
				ENABLE_STRICT_OBJC_MSGSEND = YES;
				GCC_C_LANGUAGE_STANDARD = gnu11;
				GCC_NO_COMMON_BLOCKS = YES;
				GCC_WARN_64_TO_32_BIT_CONVERSION = YES;
				GCC_WARN_ABOUT_RETURN_TYPE = YES_ERROR;
				GCC_WARN_UNDECLARED_SELECTOR = YES;
				GCC_WARN_UNINITIALIZED_AUTOS = YES_AGGRESSIVE;
				GCC_WARN_UNUSED_FUNCTION = YES;
				GCC_WARN_UNUSED_VARIABLE = YES;
				IPHONEOS_DEPLOYMENT_TARGET = 16.4;
				MTL_ENABLE_DEBUG_INFO = NO;
				MTL_FAST_MATH = YES;
				SDKROOT = iphoneos;
				SWIFT_COMPILATION_MODE = wholemodule;
				SWIFT_OPTIMIZATION_LEVEL = "-O";
				VALIDATE_PRODUCT = YES;
			};
			name = Release;
		};
		D5965E082A61995F003C9208 /* Debug */ = {
			isa = XCBuildConfiguration;
			buildSettings = {
				ASSETCATALOG_COMPILER_APPICON_NAME = AppIcon;
				ASSETCATALOG_COMPILER_GLOBAL_ACCENT_COLOR_NAME = AccentColor;
				CODE_SIGN_STYLE = Automatic;
				CURRENT_PROJECT_VERSION = 14;
				DEVELOPMENT_ASSET_PATHS = "\"Echo/Preview Content\"";
				DEVELOPMENT_TEAM = K45HHA96ND;
				ENABLE_PREVIEWS = YES;
				ENABLE_USER_SCRIPT_SANDBOXING = NO;
				GENERATE_INFOPLIST_FILE = YES;
				INFOPLIST_FILE = Echo/Info.plist;
				INFOPLIST_KEY_CFBundleDisplayName = Echo;
				INFOPLIST_KEY_UIApplicationSceneManifest_Generation = YES;
				INFOPLIST_KEY_UIApplicationSupportsIndirectInputEvents = YES;
				INFOPLIST_KEY_UILaunchScreen_Generation = YES;
				INFOPLIST_KEY_UISupportedInterfaceOrientations_iPad = "UIInterfaceOrientationPortrait UIInterfaceOrientationPortraitUpsideDown UIInterfaceOrientationLandscapeLeft UIInterfaceOrientationLandscapeRight";
				INFOPLIST_KEY_UISupportedInterfaceOrientations_iPhone = "UIInterfaceOrientationPortrait UIInterfaceOrientationLandscapeLeft UIInterfaceOrientationLandscapeRight";
				LD_RUNPATH_SEARCH_PATHS = (
					"$(inherited)",
					"@executable_path/Frameworks",
				);
				MARKETING_VERSION = 0.1.5;
				PRODUCT_BUNDLE_IDENTIFIER = uk.org.acecentre.PascoV2;
				PRODUCT_NAME = "$(TARGET_NAME)";
				SWIFT_EMIT_LOC_STRINGS = YES;
				SWIFT_VERSION = 5.0;
				TARGETED_DEVICE_FAMILY = "1,2";
			};
			name = Debug;
		};
		D5965E092A61995F003C9208 /* Release */ = {
			isa = XCBuildConfiguration;
			buildSettings = {
				ASSETCATALOG_COMPILER_APPICON_NAME = AppIcon;
				ASSETCATALOG_COMPILER_GLOBAL_ACCENT_COLOR_NAME = AccentColor;
				CODE_SIGN_STYLE = Automatic;
				CURRENT_PROJECT_VERSION = 14;
				DEVELOPMENT_ASSET_PATHS = "\"Echo/Preview Content\"";
				DEVELOPMENT_TEAM = K45HHA96ND;
				ENABLE_PREVIEWS = YES;
				ENABLE_USER_SCRIPT_SANDBOXING = NO;
				GENERATE_INFOPLIST_FILE = YES;
				INFOPLIST_FILE = Echo/Info.plist;
				INFOPLIST_KEY_CFBundleDisplayName = Echo;
				INFOPLIST_KEY_UIApplicationSceneManifest_Generation = YES;
				INFOPLIST_KEY_UIApplicationSupportsIndirectInputEvents = YES;
				INFOPLIST_KEY_UILaunchScreen_Generation = YES;
				INFOPLIST_KEY_UISupportedInterfaceOrientations_iPad = "UIInterfaceOrientationPortrait UIInterfaceOrientationPortraitUpsideDown UIInterfaceOrientationLandscapeLeft UIInterfaceOrientationLandscapeRight";
				INFOPLIST_KEY_UISupportedInterfaceOrientations_iPhone = "UIInterfaceOrientationPortrait UIInterfaceOrientationLandscapeLeft UIInterfaceOrientationLandscapeRight";
				LD_RUNPATH_SEARCH_PATHS = (
					"$(inherited)",
					"@executable_path/Frameworks",
				);
				MARKETING_VERSION = 0.1.5;
				PRODUCT_BUNDLE_IDENTIFIER = uk.org.acecentre.PascoV2;
				PRODUCT_NAME = "$(TARGET_NAME)";
				SWIFT_EMIT_LOC_STRINGS = YES;
				SWIFT_VERSION = 5.0;
				TARGETED_DEVICE_FAMILY = "1,2";
			};
			name = Release;
		};
/* End XCBuildConfiguration section */

/* Begin XCConfigurationList section */
		D5965DF42A61995A003C9208 /* Build configuration list for PBXProject "Echo" */ = {
			isa = XCConfigurationList;
			buildConfigurations = (
				D5965E052A61995F003C9208 /* Debug */,
				D5965E062A61995F003C9208 /* Release */,
			);
			defaultConfigurationIsVisible = 0;
			defaultConfigurationName = Release;
		};
		D5965E072A61995F003C9208 /* Build configuration list for PBXNativeTarget "Echo" */ = {
			isa = XCConfigurationList;
			buildConfigurations = (
				D5965E082A61995F003C9208 /* Debug */,
				D5965E092A61995F003C9208 /* Release */,
			);
			defaultConfigurationIsVisible = 0;
			defaultConfigurationName = Release;
		};
/* End XCConfigurationList section */

/* Begin XCRemoteSwiftPackageReference section */
		D51743082A6FFBBA00E14EE0 /* XCRemoteSwiftPackageReference "SQLite" */ = {
			isa = XCRemoteSwiftPackageReference;
			repositoryURL = "https://github.com/stephencelis/SQLite.swift";
			requirement = {
				kind = upToNextMajorVersion;
				minimumVersion = 0.14.1;
			};
		};
/* End XCRemoteSwiftPackageReference section */

/* Begin XCSwiftPackageProductDependency section */
		D51743092A6FFBBA00E14EE0 /* SQLite */ = {
			isa = XCSwiftPackageProductDependency;
			package = D51743082A6FFBBA00E14EE0 /* XCRemoteSwiftPackageReference "SQLite" */;
			productName = SQLite;
		};
/* End XCSwiftPackageProductDependency section */
	};
	rootObject = D5965DF12A61995A003C9208 /* Project object */;
}
